
Microsoft Visual Studio Solution File, Format Version 12.00
# Visual Studio Version 17
VisualStudioVersion = 17.4.33110.190
MinimumVisualStudioVersion = 10.0.40219.1
Project("{9A19103F-16F7-4668-BE54-9A1E7A4F7556}") = "FigureSquares", "FigureSquares\FigureSquares.csproj", "{8BDA971E-05F1-472E-B706-0151DCF8C3D1}"
EndProject
Project("{9A19103F-16F7-4668-BE54-9A1E7A4F7556}") = "FigureSquaresTest", "FigureSquaresTest\FigureSquaresTest.csproj", "{2E861286-84FC-4F4F-BBDD-A9CD941E06BF}"
EndProject
Global
	GlobalSection(SolutionConfigurationPlatforms) = preSolution
		Debug|Any CPU = Debug|Any CPU
		Release|Any CPU = Release|Any CPU
	EndGlobalSection
	GlobalSection(ProjectConfigurationPlatforms) = postSolution
		{8BDA971E-05F1-472E-B706-0151DCF8C3D1}.Debug|Any CPU.ActiveCfg = Debug|Any CPU
		{8BDA971E-05F1-472E-B706-0151DCF8C3D1}.Debug|Any CPU.Build.0 = Debug|Any CPU
		{8BDA971E-05F1-472E-B706-0151DCF8C3D1}.Release|Any CPU.ActiveCfg = Release|Any CPU
		{8BDA971E-05F1-472E-B706-0151DCF8C3D1}.Release|Any CPU.Build.0 = Release|Any CPU
		{2E861286-84FC-4F4F-BBDD-A9CD941E06BF}.Debug|Any CPU.ActiveCfg = Debug|Any CPU
		{2E861286-84FC-4F4F-BBDD-A9CD941E06BF}.Debug|Any CPU.Build.0 = Debug|Any CPU
		{2E861286-84FC-4F4F-BBDD-A9CD941E06BF}.Release|Any CPU.ActiveCfg = Release|Any CPU
		{2E861286-84FC-4F4F-BBDD-A9CD941E06BF}.Release|Any CPU.Build.0 = Release|Any CPU
	EndGlobalSection
	GlobalSection(SolutionProperties) = preSolution
		HideSolutionNode = FALSE
	EndGlobalSection
	GlobalSection(ExtensibilityGlobals) = postSolution
		SolutionGuid = {DECA7F10-F856-4322-A07C-44EE9B33D531}
	EndGlobalSection
EndGlobal
